
Microsoft Visual Studio Solution File, Format Version 12.00
# Visual Studio Version 17
VisualStudioVersion = 17.7.34003.232
MinimumVisualStudioVersion = 10.0.40219.1
Project("{8BC9CEB8-8B4A-11D0-8D11-00A0C91BC942}") = "AZX", "Source\AZX\AZX.vcxproj", "{783971C9-5262-4CB8-B69A-110DE96E728F}"
EndProject
Project("{8BC9CEB8-8B4A-11D0-8D11-00A0C91BC942}") = "Watcom", "Source\Watcom\Watcom.vcxproj", "{B0620679-23C1-43E9-9486-8FF5A97D4C74}"
EndProject
Project("{2150E333-8FDC-42A3-9474-1A3956D46DE8}") = "Tools", "Tools", "{263227B4-6C4B-4F5E-BCCC-55CDC1CA9C1B}"
EndProject
Project("{2150E333-8FDC-42A3-9474-1A3956D46DE8}") = "Sounds", "Sounds", "{BC9AE372-41C9-4C2F-9E6F-FAD06BF8AC92}"
EndProject
Project("{8BC9CEB8-8B4A-11D0-8D11-00A0C91BC942}") = "S.DirectSound.6.0", "Source\S.DirectSound.6.0\S.DirectSound.6.0.vcxproj", "{E5DB011F-06D5-4704-8530-8E27F0FD529D}"
	ProjectSection(ProjectDependencies) = postProject
		{B0620679-23C1-43E9-9486-8FF5A97D4C74} = {B0620679-23C1-43E9-9486-8FF5A97D4C74}
	EndProjectSection
EndProject
Global
	GlobalSection(SolutionConfigurationPlatforms) = preSolution
		Debug|x64 = Debug|x64
		Debug|x86 = Debug|x86
		Release|x64 = Release|x64
		Release|x86 = Release|x86
	EndGlobalSection
	GlobalSection(ProjectConfigurationPlatforms) = postSolution
		{783971C9-5262-4CB8-B69A-110DE96E728F}.Debug|x64.ActiveCfg = Debug|x64
		{783971C9-5262-4CB8-B69A-110DE96E728F}.Debug|x64.Build.0 = Debug|x64
		{783971C9-5262-4CB8-B69A-110DE96E728F}.Debug|x86.ActiveCfg = Debug|Win32
		{783971C9-5262-4CB8-B69A-110DE96E728F}.Debug|x86.Build.0 = Debug|Win32
		{783971C9-5262-4CB8-B69A-110DE96E728F}.Release|x64.ActiveCfg = Release|x64
		{783971C9-5262-4CB8-B69A-110DE96E728F}.Release|x64.Build.0 = Release|x64
		{783971C9-5262-4CB8-B69A-110DE96E728F}.Release|x86.ActiveCfg = Release|Win32
		{783971C9-5262-4CB8-B69A-110DE96E728F}.Release|x86.Build.0 = Release|Win32
		{B0620679-23C1-43E9-9486-8FF5A97D4C74}.Debug|x64.ActiveCfg = Debug|x64
		{B0620679-23C1-43E9-9486-8FF5A97D4C74}.Debug|x64.Build.0 = Debug|x64
		{B0620679-23C1-43E9-9486-8FF5A97D4C74}.Debug|x86.ActiveCfg = Debug|Win32
		{B0620679-23C1-43E9-9486-8FF5A97D4C74}.Debug|x86.Build.0 = Debug|Win32
		{B0620679-23C1-43E9-9486-8FF5A97D4C74}.Release|x64.ActiveCfg = Release|x64
		{B0620679-23C1-43E9-9486-8FF5A97D4C74}.Release|x64.Build.0 = Release|x64
		{B0620679-23C1-43E9-9486-8FF5A97D4C74}.Release|x86.ActiveCfg = Release|Win32
		{B0620679-23C1-43E9-9486-8FF5A97D4C74}.Release|x86.Build.0 = Release|Win32
		{E5DB011F-06D5-4704-8530-8E27F0FD529D}.Debug|x64.ActiveCfg = Debug|x64
		{E5DB011F-06D5-4704-8530-8E27F0FD529D}.Debug|x64.Build.0 = Debug|x64
		{E5DB011F-06D5-4704-8530-8E27F0FD529D}.Debug|x86.ActiveCfg = Debug|Win32
		{E5DB011F-06D5-4704-8530-8E27F0FD529D}.Debug|x86.Build.0 = Debug|Win32
		{E5DB011F-06D5-4704-8530-8E27F0FD529D}.Release|x64.ActiveCfg = Release|x64
		{E5DB011F-06D5-4704-8530-8E27F0FD529D}.Release|x64.Build.0 = Release|x64
		{E5DB011F-06D5-4704-8530-8E27F0FD529D}.Release|x86.ActiveCfg = Release|Win32
		{E5DB011F-06D5-4704-8530-8E27F0FD529D}.Release|x86.Build.0 = Release|Win32
	EndGlobalSection
	GlobalSection(SolutionProperties) = preSolution
		HideSolutionNode = FALSE
	EndGlobalSection
	GlobalSection(NestedProjects) = preSolution
		{B0620679-23C1-43E9-9486-8FF5A97D4C74} = {263227B4-6C4B-4F5E-BCCC-55CDC1CA9C1B}
		{E5DB011F-06D5-4704-8530-8E27F0FD529D} = {BC9AE372-41C9-4C2F-9E6F-FAD06BF8AC92}
	EndGlobalSection
	GlobalSection(ExtensibilityGlobals) = postSolution
		SolutionGuid = {7AB71839-3022-488E-AAD0-985472F5384B}
	EndGlobalSection
EndGlobal
